
Microsoft Visual Studio Solution File, Format Version 12.00
Project("{2150E333-8FDC-42A3-9474-1A3956D46DE8}") = "src", "src", "{3CAD303C-4925-4F78-9D91-2D91101307DC}"
EndProject
Project("{2150E333-8FDC-42A3-9474-1A3956D46DE8}") = "tests", "tests", "{C40AC8F2-A735-4939-BC13-C2D510E38A09}"
EndProject
Project("{FAE04EC0-301F-11D3-BF4B-00C04F79EFBC}") = "Dami", "src\Dami\Dami.csproj", "{711AB419-5391-425A-8289-C6697B53219C}"
EndProject
Project("{FAE04EC0-301F-11D3-BF4B-00C04F79EFBC}") = "Dami.Tests", "tests\Dami.Tests\Dami.Tests.csproj", "{1AC59D6A-5DBB-439B-82CD-103E7F49D4AC}"
EndProject
Project("{FAE04EC0-301F-11D3-BF4B-00C04F79EFBC}") = "Dami.Contracts", "src\Dami.Contracts\Dami.Contracts.csproj", "{9B02676D-E4A9-4D85-BF90-2F8C998FA558}"
EndProject
Project("{FAE04EC0-301F-11D3-BF4B-00C04F79EFBC}") = "Dami.Transport", "src\Dami.Transport\Dami.Transport.csproj", "{CC36CA5F-F6A5-40E7-926D-04064D23DE27}"
EndProject
Project("{FAE04EC0-301F-11D3-BF4B-00C04F79EFBC}") = "Dami.Transport.Tests", "tests\Dami.Transport.Tests\Dami.Transport.Tests.csproj", "{4D410DB2-2FB7-4A41-A676-EE2FA9C12D65}"
EndProject
Project("{FAE04EC0-301F-11D3-BF4B-00C04F79EFBC}") = "Dami.Architecture.Tests", "tests\Dami.Architecture.Tests\Dami.Architecture.Tests.csproj", "{0FAE4E00-CF43-4B52-A1C4-955EB4FB640D}"
EndProject
Project("{FAE04EC0-301F-11D3-BF4B-00C04F79EFBC}") = "Dami.Analyzers", "src\Dami.Analyzers\Dami.Analyzers.csproj", "{1B4B1FF2-CE24-4A96-9468-12DD7E6AFCFB}"
EndProject
Project("{FAE04EC0-301F-11D3-BF4B-00C04F79EFBC}") = "Dami.Analyzers.Tests", "tests\Dami.Analyzers.Tests\Dami.Analyzers.Tests.csproj", "{AAE20C03-4B4F-4E91-8E72-7103A0CC14A1}"
EndProject
Project("{FAE04EC0-301F-11D3-BF4B-00C04F79EFBC}") = "Dami.Persistence", "src\Dami.Persistence\Dami.Persistence.csproj", "{47F0FD00-7E80-479D-AAE2-2C0B75873531}"
EndProject
Project("{FAE04EC0-301F-11D3-BF4B-00C04F79EFBC}") = "Dami.Persistence.Tests", "tests\Dami.Persistence.Tests\Dami.Persistence.Tests.csproj", "{E9DE8D08-E215-4CED-A225-42372404FB06}"
EndProject
Project("{FAE04EC0-301F-11D3-BF4B-00C04F79EFBC}") = "Dami.Proactive", "src\Dami.Proactive\Dami.Proactive.csproj", "{F8308031-0D63-415B-B3E0-15E041EA52E6}"
EndProject
Project("{FAE04EC0-301F-11D3-BF4B-00C04F79EFBC}") = "Dami.Proactive.Tests", "tests\Dami.Proactive.Tests\Dami.Proactive.Tests.csproj", "{F3BAFB8C-EB4D-4B27-BB33-8619902AED97}"
EndProject
Project("{FAE04EC0-301F-11D3-BF4B-00C04F79EFBC}") = "Dami.Privacy", "src\Dami.Privacy\Dami.Privacy.csproj", "{1E8CF754-5B2C-4EB1-8589-42570DC6B848}"
EndProject
Project("{FAE04EC0-301F-11D3-BF4B-00C04F79EFBC}") = "Dami.Privacy.Tests", "tests\Dami.Privacy.Tests\Dami.Privacy.Tests.csproj", "{A90FAE03-FFBE-4C67-A70F-2D3E22A43CB7}"
EndProject
Project("{FAE04EC0-301F-11D3-BF4B-00C04F79EFBC}") = "Dami.Host.Proactive", "src\Dami.Host.Proactive\Dami.Host.Proactive.csproj", "{B04B9849-F15E-43D8-B876-7FBFCF957C1F}"
EndProject
Project("{FAE04EC0-301F-11D3-BF4B-00C04F79EFBC}") = "Dami.Providers", "src\Dami.Providers\Dami.Providers.csproj", "{43D0B8E4-B6C8-4DF0-B657-EBB4F35BA2CD}"
EndProject
Project("{FAE04EC0-301F-11D3-BF4B-00C04F79EFBC}") = "Dami.Providers.Tests", "tests\Dami.Providers.Tests\Dami.Providers.Tests.csproj", "{DDA29E74-7D64-4391-BD2C-7F7DD98CB5AD}"
EndProject
Project("{FAE04EC0-301F-11D3-BF4B-00C04F79EFBC}") = "Dami.Gateway.Cli", "src\Dami.Gateway.Cli\Dami.Gateway.Cli.csproj", "{6B06B55C-F19E-46F8-94C9-605DED3F9712}"
EndProject
Project("{FAE04EC0-301F-11D3-BF4B-00C04F79EFBC}") = "Dami.Capabilities", "src\Dami.Capabilities\Dami.Capabilities.csproj", "{CEECA14A-4EAC-4587-BC60-43AEB9F72328}"
EndProject
Project("{FAE04EC0-301F-11D3-BF4B-00C04F79EFBC}") = "Dami.Capabilities.Tests", "tests\Dami.Capabilities.Tests\Dami.Capabilities.Tests.csproj", "{D387D43A-5B7F-4C70-A2F5-D069361D1849}"
EndProject
Project("{FAE04EC0-301F-11D3-BF4B-00C04F79EFBC}") = "Dami.Capabilities.Native", "src\Dami.Capabilities.Native\Dami.Capabilities.Native.csproj", "{FFE0F1D1-06C4-490D-A2B4-2AA867E1F8D4}"
EndProject
Project("{FAE04EC0-301F-11D3-BF4B-00C04F79EFBC}") = "Dami.Capabilities.Native.Tests", "tests\Dami.Capabilities.Native.Tests\Dami.Capabilities.Native.Tests.csproj", "{D41A5903-1935-4209-A4F5-7175E3333266}"
EndProject
Project("{FAE04EC0-301F-11D3-BF4B-00C04F79EFBC}") = "Dami.Core", "src\Dami.Core\Dami.Core.csproj", "{CA8B495B-7E5B-43DA-900C-7D2D5C7658EB}"
EndProject
Project("{FAE04EC0-301F-11D3-BF4B-00C04F79EFBC}") = "Dami.Core.Tests", "tests\Dami.Core.Tests\Dami.Core.Tests.csproj", "{039E46BD-C942-49A9-999D-8615CFA590A8}"
EndProject
Project("{FAE04EC0-301F-11D3-BF4B-00C04F79EFBC}") = "Dami.Vision", "src\Dami.Vision\Dami.Vision.csproj", "{957C3F9C-7484-4C5D-BBAC-F654CDC99425}"
EndProject
Project("{FAE04EC0-301F-11D3-BF4B-00C04F79EFBC}") = "Dami.Vision.Tests", "tests\Dami.Vision.Tests\Dami.Vision.Tests.csproj", "{1D57FB70-6068-4820-9981-1A2872AC2662}"
EndProject
Project("{FAE04EC0-301F-11D3-BF4B-00C04F79EFBC}") = "Dami.Host", "src\Dami.Host\Dami.Host.csproj", "{25BFAF11-B427-4670-B079-BCA8D77A58BE}"
EndProject
Project("{FAE04EC0-301F-11D3-BF4B-00C04F79EFBC}") = "Dami.Host.Tests", "tests\Dami.Host.Tests\Dami.Host.Tests.csproj", "{96AA5911-0AAC-4C2A-ACFC-8C176EAEA8A2}"
EndProject
Project("{FAE04EC0-301F-11D3-BF4B-00C04F79EFBC}") = "Dami.Gateway.Cli.Tests", "tests\Dami.Gateway.Cli.Tests\Dami.Gateway.Cli.Tests.csproj", "{5C303E66-0916-45A4-81FB-4A316035E05B}"
EndProject
Project("{FAE04EC0-301F-11D3-BF4B-00C04F79EFBC}") = "Dami.Capabilities.Mcp", "src\Dami.Capabilities.Mcp\Dami.Capabilities.Mcp.csproj", "{CDD129D6-C732-4368-93EF-B507E1631E51}"
EndProject
Project("{FAE04EC0-301F-11D3-BF4B-00C04F79EFBC}") = "Dami.Capabilities.Mcp.Tests", "tests\Dami.Capabilities.Mcp.Tests\Dami.Capabilities.Mcp.Tests.csproj", "{A51F8483-9C0C-4250-A461-85812D9BFEF8}"
EndProject
Project("{FAE04EC0-301F-11D3-BF4B-00C04F79EFBC}") = "Dami.Capabilities.Skills", "src\Dami.Capabilities.Skills\Dami.Capabilities.Skills.csproj", "{7031B323-80D7-468E-B19F-6AA2610F8FF9}"
EndProject
Project("{FAE04EC0-301F-11D3-BF4B-00C04F79EFBC}") = "Dami.Capabilities.Skills.Tests", "tests\Dami.Capabilities.Skills.Tests\Dami.Capabilities.Skills.Tests.csproj", "{88853E19-BA5F-4B93-8190-FF8AD81B546C}"
EndProject
Project("{FAE04EC0-301F-11D3-BF4B-00C04F79EFBC}") = "Dami.Capabilities.Sandboxed", "src\Dami.Capabilities.Sandboxed\Dami.Capabilities.Sandboxed.csproj", "{1E607CA8-C7A1-4FC8-B980-09FBACF29AEF}"
EndProject
Project("{FAE04EC0-301F-11D3-BF4B-00C04F79EFBC}") = "Dami.Capabilities.Sandboxed.Tests", "tests\Dami.Capabilities.Sandboxed.Tests\Dami.Capabilities.Sandboxed.Tests.csproj", "{91DDCB3F-E0CC-4893-8801-9717A76E5FEC}"
EndProject
Project("{FAE04EC0-301F-11D3-BF4B-00C04F79EFBC}") = "Dami.Gui", "src\Dami.Gui\Dami.Gui.csproj", "{F98D4694-5479-4A21-AE3B-B5280F88155A}"
EndProject
Project("{FAE04EC0-301F-11D3-BF4B-00C04F79EFBC}") = "Dami.Authentication", "src\Dami.Authentication\Dami.Authentication.csproj", "{D5F58AE1-FD7E-4F1D-8B3A-64EBB951410A}"
EndProject
Project("{FAE04EC0-301F-11D3-BF4B-00C04F79EFBC}") = "Dami.Authentication.Tests", "tests\Dami.Authentication.Tests\Dami.Authentication.Tests.csproj", "{A166FD28-2B15-4361-A067-35976C0D4CCE}"
EndProject
Project("{FAE04EC0-301F-11D3-BF4B-00C04F79EFBC}") = "Dami.Gui.Tests", "tests\Dami.Gui.Tests\Dami.Gui.Tests.csproj", "{A4D6BD1B-54F0-40B7-9F84-EFFECA7C9B62}"
EndProject
Global
	GlobalSection(SolutionConfigurationPlatforms) = preSolution
		Debug|Any CPU = Debug|Any CPU
		Debug|x64 = Debug|x64
		Debug|x86 = Debug|x86
		Release|Any CPU = Release|Any CPU
		Release|x64 = Release|x64
		Release|x86 = Release|x86
	EndGlobalSection
	GlobalSection(ProjectConfigurationPlatforms) = postSolution
		{711AB419-5391-425A-8289-C6697B53219C}.Debug|Any CPU.ActiveCfg = Debug|Any CPU
		{711AB419-5391-425A-8289-C6697B53219C}.Debug|Any CPU.Build.0 = Debug|Any CPU
		{711AB419-5391-425A-8289-C6697B53219C}.Debug|x64.ActiveCfg = Debug|Any CPU
		{711AB419-5391-425A-8289-C6697B53219C}.Debug|x64.Build.0 = Debug|Any CPU
		{711AB419-5391-425A-8289-C6697B53219C}.Debug|x86.ActiveCfg = Debug|Any CPU
		{711AB419-5391-425A-8289-C6697B53219C}.Debug|x86.Build.0 = Debug|Any CPU
		{711AB419-5391-425A-8289-C6697B53219C}.Release|Any CPU.ActiveCfg = Release|Any CPU
		{711AB419-5391-425A-8289-C6697B53219C}.Release|Any CPU.Build.0 = Release|Any CPU
		{711AB419-5391-425A-8289-C6697B53219C}.Release|x64.ActiveCfg = Release|Any CPU
		{711AB419-5391-425A-8289-C6697B53219C}.Release|x64.Build.0 = Release|Any CPU
		{711AB419-5391-425A-8289-C6697B53219C}.Release|x86.ActiveCfg = Release|Any CPU
		{711AB419-5391-425A-8289-C6697B53219C}.Release|x86.Build.0 = Release|Any CPU
		{1AC59D6A-5DBB-439B-82CD-103E7F49D4AC}.Debug|Any CPU.ActiveCfg = Debug|Any CPU
		{1AC59D6A-5DBB-439B-82CD-103E7F49D4AC}.Debug|Any CPU.Build.0 = Debug|Any CPU
		{1AC59D6A-5DBB-439B-82CD-103E7F49D4AC}.Debug|x64.ActiveCfg = Debug|Any CPU
		{1AC59D6A-5DBB-439B-82CD-103E7F49D4AC}.Debug|x64.Build.0 = Debug|Any CPU
		{1AC59D6A-5DBB-439B-82CD-103E7F49D4AC}.Debug|x86.ActiveCfg = Debug|Any CPU
		{1AC59D6A-5DBB-439B-82CD-103E7F49D4AC}.Debug|x86.Build.0 = Debug|Any CPU
		{1AC59D6A-5DBB-439B-82CD-103E7F49D4AC}.Release|Any CPU.ActiveCfg = Release|Any CPU
		{1AC59D6A-5DBB-439B-82CD-103E7F49D4AC}.Release|Any CPU.Build.0 = Release|Any CPU
		{1AC59D6A-5DBB-439B-82CD-103E7F49D4AC}.Release|x64.ActiveCfg = Release|Any CPU
		{1AC59D6A-5DBB-439B-82CD-103E7F49D4AC}.Release|x64.Build.0 = Release|Any CPU
		{1AC59D6A-5DBB-439B-82CD-103E7F49D4AC}.Release|x86.ActiveCfg = Release|Any CPU
		{1AC59D6A-5DBB-439B-82CD-103E7F49D4AC}.Release|x86.Build.0 = Release|Any CPU
		{9B02676D-E4A9-4D85-BF90-2F8C998FA558}.Debug|Any CPU.ActiveCfg = Debug|Any CPU
		{9B02676D-E4A9-4D85-BF90-2F8C998FA558}.Debug|Any CPU.Build.0 = Debug|Any CPU
		{9B02676D-E4A9-4D85-BF90-2F8C998FA558}.Debug|x64.ActiveCfg = Debug|Any CPU
		{9B02676D-E4A9-4D85-BF90-2F8C998FA558}.Debug|x64.Build.0 = Debug|Any CPU
		{9B02676D-E4A9-4D85-BF90-2F8C998FA558}.Debug|x86.ActiveCfg = Debug|Any CPU
		{9B02676D-E4A9-4D85-BF90-2F8C998FA558}.Debug|x86.Build.0 = Debug|Any CPU
		{9B02676D-E4A9-4D85-BF90-2F8C998FA558}.Release|Any CPU.ActiveCfg = Release|Any CPU
		{9B02676D-E4A9-4D85-BF90-2F8C998FA558}.Release|Any CPU.Build.0 = Release|Any CPU
		{9B02676D-E4A9-4D85-BF90-2F8C998FA558}.Release|x64.ActiveCfg = Release|Any CPU
		{9B02676D-E4A9-4D85-BF90-2F8C998FA558}.Release|x64.Build.0 = Release|Any CPU
		{9B02676D-E4A9-4D85-BF90-2F8C998FA558}.Release|x86.ActiveCfg = Release|Any CPU
		{9B02676D-E4A9-4D85-BF90-2F8C998FA558}.Release|x86.Build.0 = Release|Any CPU
		{CC36CA5F-F6A5-40E7-926D-04064D23DE27}.Debug|Any CPU.ActiveCfg = Debug|Any CPU
		{CC36CA5F-F6A5-40E7-926D-04064D23DE27}.Debug|Any CPU.Build.0 = Debug|Any CPU
		{CC36CA5F-F6A5-40E7-926D-04064D23DE27}.Debug|x64.ActiveCfg = Debug|Any CPU
		{CC36CA5F-F6A5-40E7-926D-04064D23DE27}.Debug|x64.Build.0 = Debug|Any CPU
		{CC36CA5F-F6A5-40E7-926D-04064D23DE27}.Debug|x86.ActiveCfg = Debug|Any CPU
		{CC36CA5F-F6A5-40E7-926D-04064D23DE27}.Debug|x86.Build.0 = Debug|Any CPU
		{CC36CA5F-F6A5-40E7-926D-04064D23DE27}.Release|Any CPU.ActiveCfg = Release|Any CPU
		{CC36CA5F-F6A5-40E7-926D-04064D23DE27}.Release|Any CPU.Build.0 = Release|Any CPU
		{CC36CA5F-F6A5-40E7-926D-04064D23DE27}.Release|x64.ActiveCfg = Release|Any CPU
		{CC36CA5F-F6A5-40E7-926D-04064D23DE27}.Release|x64.Build.0 = Release|Any CPU
		{CC36CA5F-F6A5-40E7-926D-04064D23DE27}.Release|x86.ActiveCfg = Release|Any CPU
		{CC36CA5F-F6A5-40E7-926D-04064D23DE27}.Release|x86.Build.0 = Release|Any CPU
		{4D410DB2-2FB7-4A41-A676-EE2FA9C12D65}.Debug|Any CPU.ActiveCfg = Debug|Any CPU
		{4D410DB2-2FB7-4A41-A676-EE2FA9C12D65}.Debug|Any CPU.Build.0 = Debug|Any CPU
		{4D410DB2-2FB7-4A41-A676-EE2FA9C12D65}.Debug|x64.ActiveCfg = Debug|Any CPU
		{4D410DB2-2FB7-4A41-A676-EE2FA9C12D65}.Debug|x64.Build.0 = Debug|Any CPU
		{4D410DB2-2FB7-4A41-A676-EE2FA9C12D65}.Debug|x86.ActiveCfg = Debug|Any CPU
		{4D410DB2-2FB7-4A41-A676-EE2FA9C12D65}.Debug|x86.Build.0 = Debug|Any CPU
		{4D410DB2-2FB7-4A41-A676-EE2FA9C12D65}.Release|Any CPU.ActiveCfg = Release|Any CPU
		{4D410DB2-2FB7-4A41-A676-EE2FA9C12D65}.Release|Any CPU.Build.0 = Release|Any CPU
		{4D410DB2-2FB7-4A41-A676-EE2FA9C12D65}.Release|x64.ActiveCfg = Release|Any CPU
		{4D410DB2-2FB7-4A41-A676-EE2FA9C12D65}.Release|x64.Build.0 = Release|Any CPU
		{4D410DB2-2FB7-4A41-A676-EE2FA9C12D65}.Release|x86.ActiveCfg = Release|Any CPU
		{4D410DB2-2FB7-4A41-A676-EE2FA9C12D65}.Release|x86.Build.0 = Release|Any CPU
		{0FAE4E00-CF43-4B52-A1C4-955EB4FB640D}.Debug|Any CPU.ActiveCfg = Debug|Any CPU
		{0FAE4E00-CF43-4B52-A1C4-955EB4FB640D}.Debug|Any CPU.Build.0 = Debug|Any CPU
		{0FAE4E00-CF43-4B52-A1C4-955EB4FB640D}.Debug|x64.ActiveCfg = Debug|Any CPU
		{0FAE4E00-CF43-4B52-A1C4-955EB4FB640D}.Debug|x64.Build.0 = Debug|Any CPU
		{0FAE4E00-CF43-4B52-A1C4-955EB4FB640D}.Debug|x86.ActiveCfg = Debug|Any CPU
		{0FAE4E00-CF43-4B52-A1C4-955EB4FB640D}.Debug|x86.Build.0 = Debug|Any CPU
		{0FAE4E00-CF43-4B52-A1C4-955EB4FB640D}.Release|Any CPU.ActiveCfg = Release|Any CPU
		{0FAE4E00-CF43-4B52-A1C4-955EB4FB640D}.Release|Any CPU.Build.0 = Release|Any CPU
		{0FAE4E00-CF43-4B52-A1C4-955EB4FB640D}.Release|x64.ActiveCfg = Release|Any CPU
		{0FAE4E00-CF43-4B52-A1C4-955EB4FB640D}.Release|x64.Build.0 = Release|Any CPU
		{0FAE4E00-CF43-4B52-A1C4-955EB4FB640D}.Release|x86.ActiveCfg = Release|Any CPU
		{0FAE4E00-CF43-4B52-A1C4-955EB4FB640D}.Release|x86.Build.0 = Release|Any CPU
		{1B4B1FF2-CE24-4A96-9468-12DD7E6AFCFB}.Debug|Any CPU.ActiveCfg = Debug|Any CPU
		{1B4B1FF2-CE24-4A96-9468-12DD7E6AFCFB}.Debug|Any CPU.Build.0 = Debug|Any CPU
		{1B4B1FF2-CE24-4A96-9468-12DD7E6AFCFB}.Debug|x64.ActiveCfg = Debug|Any CPU
		{1B4B1FF2-CE24-4A96-9468-12DD7E6AFCFB}.Debug|x64.Build.0 = Debug|Any CPU
		{1B4B1FF2-CE24-4A96-9468-12DD7E6AFCFB}.Debug|x86.ActiveCfg = Debug|Any CPU
		{1B4B1FF2-CE24-4A96-9468-12DD7E6AFCFB}.Debug|x86.Build.0 = Debug|Any CPU
		{1B4B1FF2-CE24-4A96-9468-12DD7E6AFCFB}.Release|Any CPU.ActiveCfg = Release|Any CPU
		{1B4B1FF2-CE24-4A96-9468-12DD7E6AFCFB}.Release|Any CPU.Build.0 = Release|Any CPU
		{1B4B1FF2-CE24-4A96-9468-12DD7E6AFCFB}.Release|x64.ActiveCfg = Release|Any CPU
		{1B4B1FF2-CE24-4A96-9468-12DD7E6AFCFB}.Release|x64.Build.0 = Release|Any CPU
		{1B4B1FF2-CE24-4A96-9468-12DD7E6AFCFB}.Release|x86.ActiveCfg = Release|Any CPU
		{1B4B1FF2-CE24-4A96-9468-12DD7E6AFCFB}.Release|x86.Build.0 = Release|Any CPU
		{AAE20C03-4B4F-4E91-8E72-7103A0CC14A1}.Debug|Any CPU.ActiveCfg = Debug|Any CPU
		{AAE20C03-4B4F-4E91-8E72-7103A0CC14A1}.Debug|Any CPU.Build.0 = Debug|Any CPU
		{AAE20C03-4B4F-4E91-8E72-7103A0CC14A1}.Debug|x64.ActiveCfg = Debug|Any CPU
		{AAE20C03-4B4F-4E91-8E72-7103A0CC14A1}.Debug|x64.Build.0 = Debug|Any CPU
		{AAE20C03-4B4F-4E91-8E72-7103A0CC14A1}.Debug|x86.ActiveCfg = Debug|Any CPU
		{AAE20C03-4B4F-4E91-8E72-7103A0CC14A1}.Debug|x86.Build.0 = Debug|Any CPU
		{AAE20C03-4B4F-4E91-8E72-7103A0CC14A1}.Release|Any CPU.ActiveCfg = Release|Any CPU
		{AAE20C03-4B4F-4E91-8E72-7103A0CC14A1}.Release|Any CPU.Build.0 = Release|Any CPU
		{AAE20C03-4B4F-4E91-8E72-7103A0CC14A1}.Release|x64.ActiveCfg = Release|Any CPU
		{AAE20C03-4B4F-4E91-8E72-7103A0CC14A1}.Release|x64.Build.0 = Release|Any CPU
		{AAE20C03-4B4F-4E91-8E72-7103A0CC14A1}.Release|x86.ActiveCfg = Release|Any CPU
		{AAE20C03-4B4F-4E91-8E72-7103A0CC14A1}.Release|x86.Build.0 = Release|Any CPU
		{47F0FD00-7E80-479D-AAE2-2C0B75873531}.Debug|Any CPU.ActiveCfg = Debug|Any CPU
		{47F0FD00-7E80-479D-AAE2-2C0B75873531}.Debug|Any CPU.Build.0 = Debug|Any CPU
		{47F0FD00-7E80-479D-AAE2-2C0B75873531}.Debug|x64.ActiveCfg = Debug|Any CPU
		{47F0FD00-7E80-479D-AAE2-2C0B75873531}.Debug|x64.Build.0 = Debug|Any CPU
		{47F0FD00-7E80-479D-AAE2-2C0B75873531}.Debug|x86.ActiveCfg = Debug|Any CPU
		{47F0FD00-7E80-479D-AAE2-2C0B75873531}.Debug|x86.Build.0 = Debug|Any CPU
		{47F0FD00-7E80-479D-AAE2-2C0B75873531}.Release|Any CPU.ActiveCfg = Release|Any CPU
		{47F0FD00-7E80-479D-AAE2-2C0B75873531}.Release|Any CPU.Build.0 = Release|Any CPU
		{47F0FD00-7E80-479D-AAE2-2C0B75873531}.Release|x64.ActiveCfg = Release|Any CPU
		{47F0FD00-7E80-479D-AAE2-2C0B75873531}.Release|x64.Build.0 = Release|Any CPU
		{47F0FD00-7E80-479D-AAE2-2C0B75873531}.Release|x86.ActiveCfg = Release|Any CPU
		{47F0FD00-7E80-479D-AAE2-2C0B75873531}.Release|x86.Build.0 = Release|Any CPU
		{E9DE8D08-E215-4CED-A225-42372404FB06}.Debug|Any CPU.ActiveCfg = Debug|Any CPU
		{E9DE8D08-E215-4CED-A225-42372404FB06}.Debug|Any CPU.Build.0 = Debug|Any CPU
		{E9DE8D08-E215-4CED-A225-42372404FB06}.Debug|x64.ActiveCfg = Debug|Any CPU
		{E9DE8D08-E215-4CED-A225-42372404FB06}.Debug|x64.Build.0 = Debug|Any CPU
		{E9DE8D08-E215-4CED-A225-42372404FB06}.Debug|x86.ActiveCfg = Debug|Any CPU
		{E9DE8D08-E215-4CED-A225-42372404FB06}.Debug|x86.Build.0 = Debug|Any CPU
		{E9DE8D08-E215-4CED-A225-42372404FB06}.Release|Any CPU.ActiveCfg = Release|Any CPU
		{E9DE8D08-E215-4CED-A225-42372404FB06}.Release|Any CPU.Build.0 = Release|Any CPU
		{E9DE8D08-E215-4CED-A225-42372404FB06}.Release|x64.ActiveCfg = Release|Any CPU
		{E9DE8D08-E215-4CED-A225-42372404FB06}.Release|x64.Build.0 = Release|Any CPU
		{E9DE8D08-E215-4CED-A225-42372404FB06}.Release|x86.ActiveCfg = Release|Any CPU
		{E9DE8D08-E215-4CED-A225-42372404FB06}.Release|x86.Build.0 = Release|Any CPU
		{F8308031-0D63-415B-B3E0-15E041EA52E6}.Debug|Any CPU.ActiveCfg = Debug|Any CPU
		{F8308031-0D63-415B-B3E0-15E041EA52E6}.Debug|Any CPU.Build.0 = Debug|Any CPU
		{F8308031-0D63-415B-B3E0-15E041EA52E6}.Debug|x64.ActiveCfg = Debug|Any CPU
		{F8308031-0D63-415B-B3E0-15E041EA52E6}.Debug|x64.Build.0 = Debug|Any CPU
		{F8308031-0D63-415B-B3E0-15E041EA52E6}.Debug|x86.ActiveCfg = Debug|Any CPU
		{F8308031-0D63-415B-B3E0-15E041EA52E6}.Debug|x86.Build.0 = Debug|Any CPU
		{F8308031-0D63-415B-B3E0-15E041EA52E6}.Release|Any CPU.ActiveCfg = Release|Any CPU
		{F8308031-0D63-415B-B3E0-15E041EA52E6}.Release|Any CPU.Build.0 = Release|Any CPU
		{F8308031-0D63-415B-B3E0-15E041EA52E6}.Release|x64.ActiveCfg = Release|Any CPU
		{F8308031-0D63-415B-B3E0-15E041EA52E6}.Release|x64.Build.0 = Release|Any CPU
		{F8308031-0D63-415B-B3E0-15E041EA52E6}.Release|x86.ActiveCfg = Release|Any CPU
		{F8308031-0D63-415B-B3E0-15E041EA52E6}.Release|x86.Build.0 = Release|Any CPU
		{F3BAFB8C-EB4D-4B27-BB33-8619902AED97}.Debug|Any CPU.ActiveCfg = Debug|Any CPU
		{F3BAFB8C-EB4D-4B27-BB33-8619902AED97}.Debug|Any CPU.Build.0 = Debug|Any CPU
		{F3BAFB8C-EB4D-4B27-BB33-8619902AED97}.Debug|x64.ActiveCfg = Debug|Any CPU
		{F3BAFB8C-EB4D-4B27-BB33-8619902AED97}.Debug|x64.Build.0 = Debug|Any CPU
		{F3BAFB8C-EB4D-4B27-BB33-8619902AED97}.Debug|x86.ActiveCfg = Debug|Any CPU
		{F3BAFB8C-EB4D-4B27-BB33-8619902AED97}.Debug|x86.Build.0 = Debug|Any CPU
		{F3BAFB8C-EB4D-4B27-BB33-8619902AED97}.Release|Any CPU.ActiveCfg = Release|Any CPU
		{F3BAFB8C-EB4D-4B27-BB33-8619902AED97}.Release|Any CPU.Build.0 = Release|Any CPU
		{F3BAFB8C-EB4D-4B27-BB33-8619902AED97}.Release|x64.ActiveCfg = Release|Any CPU
		{F3BAFB8C-EB4D-4B27-BB33-8619902AED97}.Release|x64.Build.0 = Release|Any CPU
		{F3BAFB8C-EB4D-4B27-BB33-8619902AED97}.Release|x86.ActiveCfg = Release|Any CPU
		{F3BAFB8C-EB4D-4B27-BB33-8619902AED97}.Release|x86.Build.0 = Release|Any CPU
		{1E8CF754-5B2C-4EB1-8589-42570DC6B848}.Debug|Any CPU.ActiveCfg = Debug|Any CPU
		{1E8CF754-5B2C-4EB1-8589-42570DC6B848}.Debug|Any CPU.Build.0 = Debug|Any CPU
		{1E8CF754-5B2C-4EB1-8589-42570DC6B848}.Debug|x64.ActiveCfg = Debug|Any CPU
		{1E8CF754-5B2C-4EB1-8589-42570DC6B848}.Debug|x64.Build.0 = Debug|Any CPU
		{1E8CF754-5B2C-4EB1-8589-42570DC6B848}.Debug|x86.ActiveCfg = Debug|Any CPU
		{1E8CF754-5B2C-4EB1-8589-42570DC6B848}.Debug|x86.Build.0 = Debug|Any CPU
		{1E8CF754-5B2C-4EB1-8589-42570DC6B848}.Release|Any CPU.ActiveCfg = Release|Any CPU
		{1E8CF754-5B2C-4EB1-8589-42570DC6B848}.Release|Any CPU.Build.0 = Release|Any CPU
		{1E8CF754-5B2C-4EB1-8589-42570DC6B848}.Release|x64.ActiveCfg = Release|Any CPU
		{1E8CF754-5B2C-4EB1-8589-42570DC6B848}.Release|x64.Build.0 = Release|Any CPU
		{1E8CF754-5B2C-4EB1-8589-42570DC6B848}.Release|x86.ActiveCfg = Release|Any CPU
		{1E8CF754-5B2C-4EB1-8589-42570DC6B848}.Release|x86.Build.0 = Release|Any CPU
		{A90FAE03-FFBE-4C67-A70F-2D3E22A43CB7}.Debug|Any CPU.ActiveCfg = Debug|Any CPU
		{A90FAE03-FFBE-4C67-A70F-2D3E22A43CB7}.Debug|Any CPU.Build.0 = Debug|Any CPU
		{A90FAE03-FFBE-4C67-A70F-2D3E22A43CB7}.Debug|x64.ActiveCfg = Debug|Any CPU
		{A90FAE03-FFBE-4C67-A70F-2D3E22A43CB7}.Debug|x64.Build.0 = Debug|Any CPU
		{A90FAE03-FFBE-4C67-A70F-2D3E22A43CB7}.Debug|x86.ActiveCfg = Debug|Any CPU
		{A90FAE03-FFBE-4C67-A70F-2D3E22A43CB7}.Debug|x86.Build.0 = Debug|Any CPU
		{A90FAE03-FFBE-4C67-A70F-2D3E22A43CB7}.Release|Any CPU.ActiveCfg = Release|Any CPU
		{A90FAE03-FFBE-4C67-A70F-2D3E22A43CB7}.Release|Any CPU.Build.0 = Release|Any CPU
		{A90FAE03-FFBE-4C67-A70F-2D3E22A43CB7}.Release|x64.ActiveCfg = Release|Any CPU
		{A90FAE03-FFBE-4C67-A70F-2D3E22A43CB7}.Release|x64.Build.0 = Release|Any CPU
		{A90FAE03-FFBE-4C67-A70F-2D3E22A43CB7}.Release|x86.ActiveCfg = Release|Any CPU
		{A90FAE03-FFBE-4C67-A70F-2D3E22A43CB7}.Release|x86.Build.0 = Release|Any CPU
		{B04B9849-F15E-43D8-B876-7FBFCF957C1F}.Debug|Any CPU.ActiveCfg = Debug|Any CPU
		{B04B9849-F15E-43D8-B876-7FBFCF957C1F}.Debug|Any CPU.Build.0 = Debug|Any CPU
		{B04B9849-F15E-43D8-B876-7FBFCF957C1F}.Debug|x64.ActiveCfg = Debug|Any CPU
		{B04B9849-F15E-43D8-B876-7FBFCF957C1F}.Debug|x64.Build.0 = Debug|Any CPU
		{B04B9849-F15E-43D8-B876-7FBFCF957C1F}.Debug|x86.ActiveCfg = Debug|Any CPU
		{B04B9849-F15E-43D8-B876-7FBFCF957C1F}.Debug|x86.Build.0 = Debug|Any CPU
		{B04B9849-F15E-43D8-B876-7FBFCF957C1F}.Release|Any CPU.ActiveCfg = Release|Any CPU
		{B04B9849-F15E-43D8-B876-7FBFCF957C1F}.Release|Any CPU.Build.0 = Release|Any CPU
		{B04B9849-F15E-43D8-B876-7FBFCF957C1F}.Release|x64.ActiveCfg = Release|Any CPU
		{B04B9849-F15E-43D8-B876-7FBFCF957C1F}.Release|x64.Build.0 = Release|Any CPU
		{B04B9849-F15E-43D8-B876-7FBFCF957C1F}.Release|x86.ActiveCfg = Release|Any CPU
		{B04B9849-F15E-43D8-B876-7FBFCF957C1F}.Release|x86.Build.0 = Release|Any CPU
		{43D0B8E4-B6C8-4DF0-B657-EBB4F35BA2CD}.Debug|Any CPU.ActiveCfg = Debug|Any CPU
		{43D0B8E4-B6C8-4DF0-B657-EBB4F35BA2CD}.Debug|Any CPU.Build.0 = Debug|Any CPU
		{43D0B8E4-B6C8-4DF0-B657-EBB4F35BA2CD}.Debug|x64.ActiveCfg = Debug|Any CPU
		{43D0B8E4-B6C8-4DF0-B657-EBB4F35BA2CD}.Debug|x64.Build.0 = Debug|Any CPU
		{43D0B8E4-B6C8-4DF0-B657-EBB4F35BA2CD}.Debug|x86.ActiveCfg = Debug|Any CPU
		{43D0B8E4-B6C8-4DF0-B657-EBB4F35BA2CD}.Debug|x86.Build.0 = Debug|Any CPU
		{43D0B8E4-B6C8-4DF0-B657-EBB4F35BA2CD}.Release|Any CPU.ActiveCfg = Release|Any CPU
		{43D0B8E4-B6C8-4DF0-B657-EBB4F35BA2CD}.Release|Any CPU.Build.0 = Release|Any CPU
		{43D0B8E4-B6C8-4DF0-B657-EBB4F35BA2CD}.Release|x64.ActiveCfg = Release|Any CPU
		{43D0B8E4-B6C8-4DF0-B657-EBB4F35BA2CD}.Release|x64.Build.0 = Release|Any CPU
		{43D0B8E4-B6C8-4DF0-B657-EBB4F35BA2CD}.Release|x86.ActiveCfg = Release|Any CPU
		{43D0B8E4-B6C8-4DF0-B657-EBB4F35BA2CD}.Release|x86.Build.0 = Release|Any CPU
		{DDA29E74-7D64-4391-BD2C-7F7DD98CB5AD}.Debug|Any CPU.ActiveCfg = Debug|Any CPU
		{DDA29E74-7D64-4391-BD2C-7F7DD98CB5AD}.Debug|Any CPU.Build.0 = Debug|Any CPU
		{DDA29E74-7D64-4391-BD2C-7F7DD98CB5AD}.Debug|x64.ActiveCfg = Debug|Any CPU
		{DDA29E74-7D64-4391-BD2C-7F7DD98CB5AD}.Debug|x64.Build.0 = Debug|Any CPU
		{DDA29E74-7D64-4391-BD2C-7F7DD98CB5AD}.Debug|x86.ActiveCfg = Debug|Any CPU
		{DDA29E74-7D64-4391-BD2C-7F7DD98CB5AD}.Debug|x86.Build.0 = Debug|Any CPU
		{DDA29E74-7D64-4391-BD2C-7F7DD98CB5AD}.Release|Any CPU.ActiveCfg = Release|Any CPU
		{DDA29E74-7D64-4391-BD2C-7F7DD98CB5AD}.Release|Any CPU.Build.0 = Release|Any CPU
		{DDA29E74-7D64-4391-BD2C-7F7DD98CB5AD}.Release|x64.ActiveCfg = Release|Any CPU
		{DDA29E74-7D64-4391-BD2C-7F7DD98CB5AD}.Release|x64.Build.0 = Release|Any CPU
		{DDA29E74-7D64-4391-BD2C-7F7DD98CB5AD}.Release|x86.ActiveCfg = Release|Any CPU
		{DDA29E74-7D64-4391-BD2C-7F7DD98CB5AD}.Release|x86.Build.0 = Release|Any CPU
		{6B06B55C-F19E-46F8-94C9-605DED3F9712}.Debug|Any CPU.ActiveCfg = Debug|Any CPU
		{6B06B55C-F19E-46F8-94C9-605DED3F9712}.Debug|Any CPU.Build.0 = Debug|Any CPU
		{6B06B55C-F19E-46F8-94C9-605DED3F9712}.Debug|x64.ActiveCfg = Debug|Any CPU
		{6B06B55C-F19E-46F8-94C9-605DED3F9712}.Debug|x64.Build.0 = Debug|Any CPU
		{6B06B55C-F19E-46F8-94C9-605DED3F9712}.Debug|x86.ActiveCfg = Debug|Any CPU
		{6B06B55C-F19E-46F8-94C9-605DED3F9712}.Debug|x86.Build.0 = Debug|Any CPU
		{6B06B55C-F19E-46F8-94C9-605DED3F9712}.Release|Any CPU.ActiveCfg = Release|Any CPU
		{6B06B55C-F19E-46F8-94C9-605DED3F9712}.Release|Any CPU.Build.0 = Release|Any CPU
		{6B06B55C-F19E-46F8-94C9-605DED3F9712}.Release|x64.ActiveCfg = Release|Any CPU
		{6B06B55C-F19E-46F8-94C9-605DED3F9712}.Release|x64.Build.0 = Release|Any CPU
		{6B06B55C-F19E-46F8-94C9-605DED3F9712}.Release|x86.ActiveCfg = Release|Any CPU
		{6B06B55C-F19E-46F8-94C9-605DED3F9712}.Release|x86.Build.0 = Release|Any CPU
		{CEECA14A-4EAC-4587-BC60-43AEB9F72328}.Debug|Any CPU.ActiveCfg = Debug|Any CPU
		{CEECA14A-4EAC-4587-BC60-43AEB9F72328}.Debug|Any CPU.Build.0 = Debug|Any CPU
		{CEECA14A-4EAC-4587-BC60-43AEB9F72328}.Debug|x64.ActiveCfg = Debug|Any CPU
		{CEECA14A-4EAC-4587-BC60-43AEB9F72328}.Debug|x64.Build.0 = Debug|Any CPU
		{CEECA14A-4EAC-4587-BC60-43AEB9F72328}.Debug|x86.ActiveCfg = Debug|Any CPU
		{CEECA14A-4EAC-4587-BC60-43AEB9F72328}.Debug|x86.Build.0 = Debug|Any CPU
		{CEECA14A-4EAC-4587-BC60-43AEB9F72328}.Release|Any CPU.ActiveCfg = Release|Any CPU
		{CEECA14A-4EAC-4587-BC60-43AEB9F72328}.Release|Any CPU.Build.0 = Release|Any CPU
		{CEECA14A-4EAC-4587-BC60-43AEB9F72328}.Release|x64.ActiveCfg = Release|Any CPU
		{CEECA14A-4EAC-4587-BC60-43AEB9F72328}.Release|x64.Build.0 = Release|Any CPU
		{CEECA14A-4EAC-4587-BC60-43AEB9F72328}.Release|x86.ActiveCfg = Release|Any CPU
		{CEECA14A-4EAC-4587-BC60-43AEB9F72328}.Release|x86.Build.0 = Release|Any CPU
		{D387D43A-5B7F-4C70-A2F5-D069361D1849}.Debug|Any CPU.ActiveCfg = Debug|Any CPU
		{D387D43A-5B7F-4C70-A2F5-D069361D1849}.Debug|Any CPU.Build.0 = Debug|Any CPU
		{D387D43A-5B7F-4C70-A2F5-D069361D1849}.Debug|x64.ActiveCfg = Debug|Any CPU
		{D387D43A-5B7F-4C70-A2F5-D069361D1849}.Debug|x64.Build.0 = Debug|Any CPU
		{D387D43A-5B7F-4C70-A2F5-D069361D1849}.Debug|x86.ActiveCfg = Debug|Any CPU
		{D387D43A-5B7F-4C70-A2F5-D069361D1849}.Debug|x86.Build.0 = Debug|Any CPU
		{D387D43A-5B7F-4C70-A2F5-D069361D1849}.Release|Any CPU.ActiveCfg = Release|Any CPU
		{D387D43A-5B7F-4C70-A2F5-D069361D1849}.Release|Any CPU.Build.0 = Release|Any CPU
		{D387D43A-5B7F-4C70-A2F5-D069361D1849}.Release|x64.ActiveCfg = Release|Any CPU
		{D387D43A-5B7F-4C70-A2F5-D069361D1849}.Release|x64.Build.0 = Release|Any CPU
		{D387D43A-5B7F-4C70-A2F5-D069361D1849}.Release|x86.ActiveCfg = Release|Any CPU
		{D387D43A-5B7F-4C70-A2F5-D069361D1849}.Release|x86.Build.0 = Release|Any CPU
		{FFE0F1D1-06C4-490D-A2B4-2AA867E1F8D4}.Debug|Any CPU.ActiveCfg = Debug|Any CPU
		{FFE0F1D1-06C4-490D-A2B4-2AA867E1F8D4}.Debug|Any CPU.Build.0 = Debug|Any CPU
		{FFE0F1D1-06C4-490D-A2B4-2AA867E1F8D4}.Debug|x64.ActiveCfg = Debug|Any CPU
		{FFE0F1D1-06C4-490D-A2B4-2AA867E1F8D4}.Debug|x64.Build.0 = Debug|Any CPU
		{FFE0F1D1-06C4-490D-A2B4-2AA867E1F8D4}.Debug|x86.ActiveCfg = Debug|Any CPU
		{FFE0F1D1-06C4-490D-A2B4-2AA867E1F8D4}.Debug|x86.Build.0 = Debug|Any CPU
		{FFE0F1D1-06C4-490D-A2B4-2AA867E1F8D4}.Release|Any CPU.ActiveCfg = Release|Any CPU
		{FFE0F1D1-06C4-490D-A2B4-2AA867E1F8D4}.Release|Any CPU.Build.0 = Release|Any CPU
		{FFE0F1D1-06C4-490D-A2B4-2AA867E1F8D4}.Release|x64.ActiveCfg = Release|Any CPU
		{FFE0F1D1-06C4-490D-A2B4-2AA867E1F8D4}.Release|x64.Build.0 = Release|Any CPU
		{FFE0F1D1-06C4-490D-A2B4-2AA867E1F8D4}.Release|x86.ActiveCfg = Release|Any CPU
		{FFE0F1D1-06C4-490D-A2B4-2AA867E1F8D4}.Release|x86.Build.0 = Release|Any CPU
		{D41A5903-1935-4209-A4F5-7175E3333266}.Debug|Any CPU.ActiveCfg = Debug|Any CPU
		{D41A5903-1935-4209-A4F5-7175E3333266}.Debug|Any CPU.Build.0 = Debug|Any CPU
		{D41A5903-1935-4209-A4F5-7175E3333266}.Debug|x64.ActiveCfg = Debug|Any CPU
		{D41A5903-1935-4209-A4F5-7175E3333266}.Debug|x64.Build.0 = Debug|Any CPU
		{D41A5903-1935-4209-A4F5-7175E3333266}.Debug|x86.ActiveCfg = Debug|Any CPU
		{D41A5903-1935-4209-A4F5-7175E3333266}.Debug|x86.Build.0 = Debug|Any CPU
		{D41A5903-1935-4209-A4F5-7175E3333266}.Release|Any CPU.ActiveCfg = Release|Any CPU
		{D41A5903-1935-4209-A4F5-7175E3333266}.Release|Any CPU.Build.0 = Release|Any CPU
		{D41A5903-1935-4209-A4F5-7175E3333266}.Release|x64.ActiveCfg = Release|Any CPU
		{D41A5903-1935-4209-A4F5-7175E3333266}.Release|x64.Build.0 = Release|Any CPU
		{D41A5903-1935-4209-A4F5-7175E3333266}.Release|x86.ActiveCfg = Release|Any CPU
		{D41A5903-1935-4209-A4F5-7175E3333266}.Release|x86.Build.0 = Release|Any CPU
		{CA8B495B-7E5B-43DA-900C-7D2D5C7658EB}.Debug|Any CPU.ActiveCfg = Debug|Any CPU
		{CA8B495B-7E5B-43DA-900C-7D2D5C7658EB}.Debug|Any CPU.Build.0 = Debug|Any CPU
		{CA8B495B-7E5B-43DA-900C-7D2D5C7658EB}.Debug|x64.ActiveCfg = Debug|Any CPU
		{CA8B495B-7E5B-43DA-900C-7D2D5C7658EB}.Debug|x64.Build.0 = Debug|Any CPU
		{CA8B495B-7E5B-43DA-900C-7D2D5C7658EB}.Debug|x86.ActiveCfg = Debug|Any CPU
		{CA8B495B-7E5B-43DA-900C-7D2D5C7658EB}.Debug|x86.Build.0 = Debug|Any CPU
		{CA8B495B-7E5B-43DA-900C-7D2D5C7658EB}.Release|Any CPU.ActiveCfg = Release|Any CPU
		{CA8B495B-7E5B-43DA-900C-7D2D5C7658EB}.Release|Any CPU.Build.0 = Release|Any CPU
		{CA8B495B-7E5B-43DA-900C-7D2D5C7658EB}.Release|x64.ActiveCfg = Release|Any CPU
		{CA8B495B-7E5B-43DA-900C-7D2D5C7658EB}.Release|x64.Build.0 = Release|Any CPU
		{CA8B495B-7E5B-43DA-900C-7D2D5C7658EB}.Release|x86.ActiveCfg = Release|Any CPU
		{CA8B495B-7E5B-43DA-900C-7D2D5C7658EB}.Release|x86.Build.0 = Release|Any CPU
		{039E46BD-C942-49A9-999D-8615CFA590A8}.Debug|Any CPU.ActiveCfg = Debug|Any CPU
		{039E46BD-C942-49A9-999D-8615CFA590A8}.Debug|Any CPU.Build.0 = Debug|Any CPU
		{039E46BD-C942-49A9-999D-8615CFA590A8}.Debug|x64.ActiveCfg = Debug|Any CPU
		{039E46BD-C942-49A9-999D-8615CFA590A8}.Debug|x64.Build.0 = Debug|Any CPU
		{039E46BD-C942-49A9-999D-8615CFA590A8}.Debug|x86.ActiveCfg = Debug|Any CPU
		{039E46BD-C942-49A9-999D-8615CFA590A8}.Debug|x86.Build.0 = Debug|Any CPU
		{039E46BD-C942-49A9-999D-8615CFA590A8}.Release|Any CPU.ActiveCfg = Release|Any CPU
		{039E46BD-C942-49A9-999D-8615CFA590A8}.Release|Any CPU.Build.0 = Release|Any CPU
		{039E46BD-C942-49A9-999D-8615CFA590A8}.Release|x64.ActiveCfg = Release|Any CPU
		{039E46BD-C942-49A9-999D-8615CFA590A8}.Release|x64.Build.0 = Release|Any CPU
		{039E46BD-C942-49A9-999D-8615CFA590A8}.Release|x86.ActiveCfg = Release|Any CPU
		{039E46BD-C942-49A9-999D-8615CFA590A8}.Release|x86.Build.0 = Release|Any CPU
		{957C3F9C-7484-4C5D-BBAC-F654CDC99425}.Debug|Any CPU.ActiveCfg = Debug|Any CPU
		{957C3F9C-7484-4C5D-BBAC-F654CDC99425}.Debug|Any CPU.Build.0 = Debug|Any CPU
		{957C3F9C-7484-4C5D-BBAC-F654CDC99425}.Debug|x64.ActiveCfg = Debug|Any CPU
		{957C3F9C-7484-4C5D-BBAC-F654CDC99425}.Debug|x64.Build.0 = Debug|Any CPU
		{957C3F9C-7484-4C5D-BBAC-F654CDC99425}.Debug|x86.ActiveCfg = Debug|Any CPU
		{957C3F9C-7484-4C5D-BBAC-F654CDC99425}.Debug|x86.Build.0 = Debug|Any CPU
		{957C3F9C-7484-4C5D-BBAC-F654CDC99425}.Release|Any CPU.ActiveCfg = Release|Any CPU
		{957C3F9C-7484-4C5D-BBAC-F654CDC99425}.Release|Any CPU.Build.0 = Release|Any CPU
		{957C3F9C-7484-4C5D-BBAC-F654CDC99425}.Release|x64.ActiveCfg = Release|Any CPU
		{957C3F9C-7484-4C5D-BBAC-F654CDC99425}.Release|x64.Build.0 = Release|Any CPU
		{957C3F9C-7484-4C5D-BBAC-F654CDC99425}.Release|x86.ActiveCfg = Release|Any CPU
		{957C3F9C-7484-4C5D-BBAC-F654CDC99425}.Release|x86.Build.0 = Release|Any CPU
		{1D57FB70-6068-4820-9981-1A2872AC2662}.Debug|Any CPU.ActiveCfg = Debug|Any CPU
		{1D57FB70-6068-4820-9981-1A2872AC2662}.Debug|Any CPU.Build.0 = Debug|Any CPU
		{1D57FB70-6068-4820-9981-1A2872AC2662}.Debug|x64.ActiveCfg = Debug|Any CPU
		{1D57FB70-6068-4820-9981-1A2872AC2662}.Debug|x64.Build.0 = Debug|Any CPU
		{1D57FB70-6068-4820-9981-1A2872AC2662}.Debug|x86.ActiveCfg = Debug|Any CPU
		{1D57FB70-6068-4820-9981-1A2872AC2662}.Debug|x86.Build.0 = Debug|Any CPU
		{1D57FB70-6068-4820-9981-1A2872AC2662}.Release|Any CPU.ActiveCfg = Release|Any CPU
		{1D57FB70-6068-4820-9981-1A2872AC2662}.Release|Any CPU.Build.0 = Release|Any CPU
		{1D57FB70-6068-4820-9981-1A2872AC2662}.Release|x64.ActiveCfg = Release|Any CPU
		{1D57FB70-6068-4820-9981-1A2872AC2662}.Release|x64.Build.0 = Release|Any CPU
		{1D57FB70-6068-4820-9981-1A2872AC2662}.Release|x86.ActiveCfg = Release|Any CPU
		{1D57FB70-6068-4820-9981-1A2872AC2662}.Release|x86.Build.0 = Release|Any CPU
		{25BFAF11-B427-4670-B079-BCA8D77A58BE}.Debug|Any CPU.ActiveCfg = Debug|Any CPU
		{25BFAF11-B427-4670-B079-BCA8D77A58BE}.Debug|Any CPU.Build.0 = Debug|Any CPU
		{25BFAF11-B427-4670-B079-BCA8D77A58BE}.Debug|x64.ActiveCfg = Debug|Any CPU
		{25BFAF11-B427-4670-B079-BCA8D77A58BE}.Debug|x64.Build.0 = Debug|Any CPU
		{25BFAF11-B427-4670-B079-BCA8D77A58BE}.Debug|x86.ActiveCfg = Debug|Any CPU
		{25BFAF11-B427-4670-B079-BCA8D77A58BE}.Debug|x86.Build.0 = Debug|Any CPU
		{25BFAF11-B427-4670-B079-BCA8D77A58BE}.Release|Any CPU.ActiveCfg = Release|Any CPU
		{25BFAF11-B427-4670-B079-BCA8D77A58BE}.Release|Any CPU.Build.0 = Release|Any CPU
		{25BFAF11-B427-4670-B079-BCA8D77A58BE}.Release|x64.ActiveCfg = Release|Any CPU
		{25BFAF11-B427-4670-B079-BCA8D77A58BE}.Release|x64.Build.0 = Release|Any CPU
		{25BFAF11-B427-4670-B079-BCA8D77A58BE}.Release|x86.ActiveCfg = Release|Any CPU
		{25BFAF11-B427-4670-B079-BCA8D77A58BE}.Release|x86.Build.0 = Release|Any CPU
		{96AA5911-0AAC-4C2A-ACFC-8C176EAEA8A2}.Debug|Any CPU.ActiveCfg = Debug|Any CPU
		{96AA5911-0AAC-4C2A-ACFC-8C176EAEA8A2}.Debug|Any CPU.Build.0 = Debug|Any CPU
		{96AA5911-0AAC-4C2A-ACFC-8C176EAEA8A2}.Debug|x64.ActiveCfg = Debug|Any CPU
		{96AA5911-0AAC-4C2A-ACFC-8C176EAEA8A2}.Debug|x64.Build.0 = Debug|Any CPU
		{96AA5911-0AAC-4C2A-ACFC-8C176EAEA8A2}.Debug|x86.ActiveCfg = Debug|Any CPU
		{96AA5911-0AAC-4C2A-ACFC-8C176EAEA8A2}.Debug|x86.Build.0 = Debug|Any CPU
		{96AA5911-0AAC-4C2A-ACFC-8C176EAEA8A2}.Release|Any CPU.ActiveCfg = Release|Any CPU
		{96AA5911-0AAC-4C2A-ACFC-8C176EAEA8A2}.Release|Any CPU.Build.0 = Release|Any CPU
		{96AA5911-0AAC-4C2A-ACFC-8C176EAEA8A2}.Release|x64.ActiveCfg = Release|Any CPU
		{96AA5911-0AAC-4C2A-ACFC-8C176EAEA8A2}.Release|x64.Build.0 = Release|Any CPU
		{96AA5911-0AAC-4C2A-ACFC-8C176EAEA8A2}.Release|x86.ActiveCfg = Release|Any CPU
		{96AA5911-0AAC-4C2A-ACFC-8C176EAEA8A2}.Release|x86.Build.0 = Release|Any CPU
		{5C303E66-0916-45A4-81FB-4A316035E05B}.Debug|Any CPU.ActiveCfg = Debug|Any CPU
		{5C303E66-0916-45A4-81FB-4A316035E05B}.Debug|Any CPU.Build.0 = Debug|Any CPU
		{5C303E66-0916-45A4-81FB-4A316035E05B}.Debug|x64.ActiveCfg = Debug|Any CPU
		{5C303E66-0916-45A4-81FB-4A316035E05B}.Debug|x64.Build.0 = Debug|Any CPU
		{5C303E66-0916-45A4-81FB-4A316035E05B}.Debug|x86.ActiveCfg = Debug|Any CPU
		{5C303E66-0916-45A4-81FB-4A316035E05B}.Debug|x86.Build.0 = Debug|Any CPU
		{5C303E66-0916-45A4-81FB-4A316035E05B}.Release|Any CPU.ActiveCfg = Release|Any CPU
		{5C303E66-0916-45A4-81FB-4A316035E05B}.Release|Any CPU.Build.0 = Release|Any CPU
		{5C303E66-0916-45A4-81FB-4A316035E05B}.Release|x64.ActiveCfg = Release|Any CPU
		{5C303E66-0916-45A4-81FB-4A316035E05B}.Release|x64.Build.0 = Release|Any CPU
		{5C303E66-0916-45A4-81FB-4A316035E05B}.Release|x86.ActiveCfg = Release|Any CPU
		{5C303E66-0916-45A4-81FB-4A316035E05B}.Release|x86.Build.0 = Release|Any CPU
		{CDD129D6-C732-4368-93EF-B507E1631E51}.Debug|Any CPU.ActiveCfg = Debug|Any CPU
		{CDD129D6-C732-4368-93EF-B507E1631E51}.Debug|Any CPU.Build.0 = Debug|Any CPU
		{CDD129D6-C732-4368-93EF-B507E1631E51}.Debug|x64.ActiveCfg = Debug|Any CPU
		{CDD129D6-C732-4368-93EF-B507E1631E51}.Debug|x64.Build.0 = Debug|Any CPU
		{CDD129D6-C732-4368-93EF-B507E1631E51}.Debug|x86.ActiveCfg = Debug|Any CPU
		{CDD129D6-C732-4368-93EF-B507E1631E51}.Debug|x86.Build.0 = Debug|Any CPU
		{CDD129D6-C732-4368-93EF-B507E1631E51}.Release|Any CPU.ActiveCfg = Release|Any CPU
		{CDD129D6-C732-4368-93EF-B507E1631E51}.Release|Any CPU.Build.0 = Release|Any CPU
		{CDD129D6-C732-4368-93EF-B507E1631E51}.Release|x64.ActiveCfg = Release|Any CPU
		{CDD129D6-C732-4368-93EF-B507E1631E51}.Release|x64.Build.0 = Release|Any CPU
		{CDD129D6-C732-4368-93EF-B507E1631E51}.Release|x86.ActiveCfg = Release|Any CPU
		{CDD129D6-C732-4368-93EF-B507E1631E51}.Release|x86.Build.0 = Release|Any CPU
		{A51F8483-9C0C-4250-A461-85812D9BFEF8}.Debug|Any CPU.ActiveCfg = Debug|Any CPU
		{A51F8483-9C0C-4250-A461-85812D9BFEF8}.Debug|Any CPU.Build.0 = Debug|Any CPU
		{A51F8483-9C0C-4250-A461-85812D9BFEF8}.Debug|x64.ActiveCfg = Debug|Any CPU
		{A51F8483-9C0C-4250-A461-85812D9BFEF8}.Debug|x64.Build.0 = Debug|Any CPU
		{A51F8483-9C0C-4250-A461-85812D9BFEF8}.Debug|x86.ActiveCfg = Debug|Any CPU
		{A51F8483-9C0C-4250-A461-85812D9BFEF8}.Debug|x86.Build.0 = Debug|Any CPU
		{A51F8483-9C0C-4250-A461-85812D9BFEF8}.Release|Any CPU.ActiveCfg = Release|Any CPU
		{A51F8483-9C0C-4250-A461-85812D9BFEF8}.Release|Any CPU.Build.0 = Release|Any CPU
		{A51F8483-9C0C-4250-A461-85812D9BFEF8}.Release|x64.ActiveCfg = Release|Any CPU
		{A51F8483-9C0C-4250-A461-85812D9BFEF8}.Release|x64.Build.0 = Release|Any CPU
		{A51F8483-9C0C-4250-A461-85812D9BFEF8}.Release|x86.ActiveCfg = Release|Any CPU
		{A51F8483-9C0C-4250-A461-85812D9BFEF8}.Release|x86.Build.0 = Release|Any CPU
		{7031B323-80D7-468E-B19F-6AA2610F8FF9}.Debug|Any CPU.ActiveCfg = Debug|Any CPU
		{7031B323-80D7-468E-B19F-6AA2610F8FF9}.Debug|Any CPU.Build.0 = Debug|Any CPU
		{7031B323-80D7-468E-B19F-6AA2610F8FF9}.Debug|x64.ActiveCfg = Debug|Any CPU
		{7031B323-80D7-468E-B19F-6AA2610F8FF9}.Debug|x64.Build.0 = Debug|Any CPU
		{7031B323-80D7-468E-B19F-6AA2610F8FF9}.Debug|x86.ActiveCfg = Debug|Any CPU
		{7031B323-80D7-468E-B19F-6AA2610F8FF9}.Debug|x86.Build.0 = Debug|Any CPU
		{7031B323-80D7-468E-B19F-6AA2610F8FF9}.Release|Any CPU.ActiveCfg = Release|Any CPU
		{7031B323-80D7-468E-B19F-6AA2610F8FF9}.Release|Any CPU.Build.0 = Release|Any CPU
		{7031B323-80D7-468E-B19F-6AA2610F8FF9}.Release|x64.ActiveCfg = Release|Any CPU
		{7031B323-80D7-468E-B19F-6AA2610F8FF9}.Release|x64.Build.0 = Release|Any CPU
		{7031B323-80D7-468E-B19F-6AA2610F8FF9}.Release|x86.ActiveCfg = Release|Any CPU
		{7031B323-80D7-468E-B19F-6AA2610F8FF9}.Release|x86.Build.0 = Release|Any CPU
		{88853E19-BA5F-4B93-8190-FF8AD81B546C}.Debug|Any CPU.ActiveCfg = Debug|Any CPU
		{88853E19-BA5F-4B93-8190-FF8AD81B546C}.Debug|Any CPU.Build.0 = Debug|Any CPU
		{88853E19-BA5F-4B93-8190-FF8AD81B546C}.Debug|x64.ActiveCfg = Debug|Any CPU
		{88853E19-BA5F-4B93-8190-FF8AD81B546C}.Debug|x64.Build.0 = Debug|Any CPU
		{88853E19-BA5F-4B93-8190-FF8AD81B546C}.Debug|x86.ActiveCfg = Debug|Any CPU
		{88853E19-BA5F-4B93-8190-FF8AD81B546C}.Debug|x86.Build.0 = Debug|Any CPU
		{88853E19-BA5F-4B93-8190-FF8AD81B546C}.Release|Any CPU.ActiveCfg = Release|Any CPU
		{88853E19-BA5F-4B93-8190-FF8AD81B546C}.Release|Any CPU.Build.0 = Release|Any CPU
		{88853E19-BA5F-4B93-8190-FF8AD81B546C}.Release|x64.ActiveCfg = Release|Any CPU
		{88853E19-BA5F-4B93-8190-FF8AD81B546C}.Release|x64.Build.0 = Release|Any CPU
		{88853E19-BA5F-4B93-8190-FF8AD81B546C}.Release|x86.ActiveCfg = Release|Any CPU
		{88853E19-BA5F-4B93-8190-FF8AD81B546C}.Release|x86.Build.0 = Release|Any CPU
		{1E607CA8-C7A1-4FC8-B980-09FBACF29AEF}.Debug|Any CPU.ActiveCfg = Debug|Any CPU
		{1E607CA8-C7A1-4FC8-B980-09FBACF29AEF}.Debug|Any CPU.Build.0 = Debug|Any CPU
		{1E607CA8-C7A1-4FC8-B980-09FBACF29AEF}.Debug|x64.ActiveCfg = Debug|Any CPU
		{1E607CA8-C7A1-4FC8-B980-09FBACF29AEF}.Debug|x64.Build.0 = Debug|Any CPU
		{1E607CA8-C7A1-4FC8-B980-09FBACF29AEF}.Debug|x86.ActiveCfg = Debug|Any CPU
		{1E607CA8-C7A1-4FC8-B980-09FBACF29AEF}.Debug|x86.Build.0 = Debug|Any CPU
		{1E607CA8-C7A1-4FC8-B980-09FBACF29AEF}.Release|Any CPU.ActiveCfg = Release|Any CPU
		{1E607CA8-C7A1-4FC8-B980-09FBACF29AEF}.Release|Any CPU.Build.0 = Release|Any CPU
		{1E607CA8-C7A1-4FC8-B980-09FBACF29AEF}.Release|x64.ActiveCfg = Release|Any CPU
		{1E607CA8-C7A1-4FC8-B980-09FBACF29AEF}.Release|x64.Build.0 = Release|Any CPU
		{1E607CA8-C7A1-4FC8-B980-09FBACF29AEF}.Release|x86.ActiveCfg = Release|Any CPU
		{1E607CA8-C7A1-4FC8-B980-09FBACF29AEF}.Release|x86.Build.0 = Release|Any CPU
		{91DDCB3F-E0CC-4893-8801-9717A76E5FEC}.Debug|Any CPU.ActiveCfg = Debug|Any CPU
		{91DDCB3F-E0CC-4893-8801-9717A76E5FEC}.Debug|Any CPU.Build.0 = Debug|Any CPU
		{91DDCB3F-E0CC-4893-8801-9717A76E5FEC}.Debug|x64.ActiveCfg = Debug|Any CPU
		{91DDCB3F-E0CC-4893-8801-9717A76E5FEC}.Debug|x64.Build.0 = Debug|Any CPU
		{91DDCB3F-E0CC-4893-8801-9717A76E5FEC}.Debug|x86.ActiveCfg = Debug|Any CPU
		{91DDCB3F-E0CC-4893-8801-9717A76E5FEC}.Debug|x86.Build.0 = Debug|Any CPU
		{91DDCB3F-E0CC-4893-8801-9717A76E5FEC}.Release|Any CPU.ActiveCfg = Release|Any CPU
		{91DDCB3F-E0CC-4893-8801-9717A76E5FEC}.Release|Any CPU.Build.0 = Release|Any CPU
		{91DDCB3F-E0CC-4893-8801-9717A76E5FEC}.Release|x64.ActiveCfg = Release|Any CPU
		{91DDCB3F-E0CC-4893-8801-9717A76E5FEC}.Release|x64.Build.0 = Release|Any CPU
		{91DDCB3F-E0CC-4893-8801-9717A76E5FEC}.Release|x86.ActiveCfg = Release|Any CPU
		{91DDCB3F-E0CC-4893-8801-9717A76E5FEC}.Release|x86.Build.0 = Release|Any CPU
		{F98D4694-5479-4A21-AE3B-B5280F88155A}.Debug|Any CPU.ActiveCfg = Debug|Any CPU
		{F98D4694-5479-4A21-AE3B-B5280F88155A}.Debug|Any CPU.Build.0 = Debug|Any CPU
		{F98D4694-5479-4A21-AE3B-B5280F88155A}.Debug|x64.ActiveCfg = Debug|Any CPU
		{F98D4694-5479-4A21-AE3B-B5280F88155A}.Debug|x64.Build.0 = Debug|Any CPU
		{F98D4694-5479-4A21-AE3B-B5280F88155A}.Debug|x86.ActiveCfg = Debug|Any CPU
		{F98D4694-5479-4A21-AE3B-B5280F88155A}.Debug|x86.Build.0 = Debug|Any CPU
		{F98D4694-5479-4A21-AE3B-B5280F88155A}.Release|Any CPU.ActiveCfg = Release|Any CPU
		{F98D4694-5479-4A21-AE3B-B5280F88155A}.Release|Any CPU.Build.0 = Release|Any CPU
		{F98D4694-5479-4A21-AE3B-B5280F88155A}.Release|x64.ActiveCfg = Release|Any CPU
		{F98D4694-5479-4A21-AE3B-B5280F88155A}.Release|x64.Build.0 = Release|Any CPU
		{F98D4694-5479-4A21-AE3B-B5280F88155A}.Release|x86.ActiveCfg = Release|Any CPU
		{F98D4694-5479-4A21-AE3B-B5280F88155A}.Release|x86.Build.0 = Release|Any CPU
		{D5F58AE1-FD7E-4F1D-8B3A-64EBB951410A}.Debug|Any CPU.ActiveCfg = Debug|Any CPU
		{D5F58AE1-FD7E-4F1D-8B3A-64EBB951410A}.Debug|Any CPU.Build.0 = Debug|Any CPU
		{D5F58AE1-FD7E-4F1D-8B3A-64EBB951410A}.Debug|x64.ActiveCfg = Debug|Any CPU
		{D5F58AE1-FD7E-4F1D-8B3A-64EBB951410A}.Debug|x64.Build.0 = Debug|Any CPU
		{D5F58AE1-FD7E-4F1D-8B3A-64EBB951410A}.Debug|x86.ActiveCfg = Debug|Any CPU
		{D5F58AE1-FD7E-4F1D-8B3A-64EBB951410A}.Debug|x86.Build.0 = Debug|Any CPU
		{D5F58AE1-FD7E-4F1D-8B3A-64EBB951410A}.Release|Any CPU.ActiveCfg = Release|Any CPU
		{D5F58AE1-FD7E-4F1D-8B3A-64EBB951410A}.Release|Any CPU.Build.0 = Release|Any CPU
		{D5F58AE1-FD7E-4F1D-8B3A-64EBB951410A}.Release|x64.ActiveCfg = Release|Any CPU
		{D5F58AE1-FD7E-4F1D-8B3A-64EBB951410A}.Release|x64.Build.0 = Release|Any CPU
		{D5F58AE1-FD7E-4F1D-8B3A-64EBB951410A}.Release|x86.ActiveCfg = Release|Any CPU
		{D5F58AE1-FD7E-4F1D-8B3A-64EBB951410A}.Release|x86.Build.0 = Release|Any CPU
		{A166FD28-2B15-4361-A067-35976C0D4CCE}.Debug|Any CPU.ActiveCfg = Debug|Any CPU
		{A166FD28-2B15-4361-A067-35976C0D4CCE}.Debug|Any CPU.Build.0 = Debug|Any CPU
		{A166FD28-2B15-4361-A067-35976C0D4CCE}.Debug|x64.ActiveCfg = Debug|Any CPU
		{A166FD28-2B15-4361-A067-35976C0D4CCE}.Debug|x64.Build.0 = Debug|Any CPU
		{A166FD28-2B15-4361-A067-35976C0D4CCE}.Debug|x86.ActiveCfg = Debug|Any CPU
		{A166FD28-2B15-4361-A067-35976C0D4CCE}.Debug|x86.Build.0 = Debug|Any CPU
		{A166FD28-2B15-4361-A067-35976C0D4CCE}.Release|Any CPU.ActiveCfg = Release|Any CPU
		{A166FD28-2B15-4361-A067-35976C0D4CCE}.Release|Any CPU.Build.0 = Release|Any CPU
		{A166FD28-2B15-4361-A067-35976C0D4CCE}.Release|x64.ActiveCfg = Release|Any CPU
		{A166FD28-2B15-4361-A067-35976C0D4CCE}.Release|x64.Build.0 = Release|Any CPU
		{A166FD28-2B15-4361-A067-35976C0D4CCE}.Release|x86.ActiveCfg = Release|Any CPU
		{A166FD28-2B15-4361-A067-35976C0D4CCE}.Release|x86.Build.0 = Release|Any CPU
		{A4D6BD1B-54F0-40B7-9F84-EFFECA7C9B62}.Debug|Any CPU.ActiveCfg = Debug|Any CPU
		{A4D6BD1B-54F0-40B7-9F84-EFFECA7C9B62}.Debug|Any CPU.Build.0 = Debug|Any CPU
		{A4D6BD1B-54F0-40B7-9F84-EFFECA7C9B62}.Debug|x64.ActiveCfg = Debug|Any CPU
		{A4D6BD1B-54F0-40B7-9F84-EFFECA7C9B62}.Debug|x64.Build.0 = Debug|Any CPU
		{A4D6BD1B-54F0-40B7-9F84-EFFECA7C9B62}.Debug|x86.ActiveCfg = Debug|Any CPU
		{A4D6BD1B-54F0-40B7-9F84-EFFECA7C9B62}.Debug|x86.Build.0 = Debug|Any CPU
		{A4D6BD1B-54F0-40B7-9F84-EFFECA7C9B62}.Release|Any CPU.ActiveCfg = Release|Any CPU
		{A4D6BD1B-54F0-40B7-9F84-EFFECA7C9B62}.Release|Any CPU.Build.0 = Release|Any CPU
		{A4D6BD1B-54F0-40B7-9F84-EFFECA7C9B62}.Release|x64.ActiveCfg = Release|Any CPU
		{A4D6BD1B-54F0-40B7-9F84-EFFECA7C9B62}.Release|x64.Build.0 = Release|Any CPU
		{A4D6BD1B-54F0-40B7-9F84-EFFECA7C9B62}.Release|x86.ActiveCfg = Release|Any CPU
		{A4D6BD1B-54F0-40B7-9F84-EFFECA7C9B62}.Release|x86.Build.0 = Release|Any CPU
	EndGlobalSection
	GlobalSection(SolutionProperties) = preSolution
		HideSolutionNode = FALSE
	EndGlobalSection
	GlobalSection(NestedProjects) = preSolution
		{711AB419-5391-425A-8289-C6697B53219C} = {3CAD303C-4925-4F78-9D91-2D91101307DC}
		{1AC59D6A-5DBB-439B-82CD-103E7F49D4AC} = {C40AC8F2-A735-4939-BC13-C2D510E38A09}
		{9B02676D-E4A9-4D85-BF90-2F8C998FA558} = {3CAD303C-4925-4F78-9D91-2D91101307DC}
		{CC36CA5F-F6A5-40E7-926D-04064D23DE27} = {3CAD303C-4925-4F78-9D91-2D91101307DC}
		{4D410DB2-2FB7-4A41-A676-EE2FA9C12D65} = {C40AC8F2-A735-4939-BC13-C2D510E38A09}
		{0FAE4E00-CF43-4B52-A1C4-955EB4FB640D} = {C40AC8F2-A735-4939-BC13-C2D510E38A09}
		{1B4B1FF2-CE24-4A96-9468-12DD7E6AFCFB} = {3CAD303C-4925-4F78-9D91-2D91101307DC}
		{AAE20C03-4B4F-4E91-8E72-7103A0CC14A1} = {C40AC8F2-A735-4939-BC13-C2D510E38A09}
		{47F0FD00-7E80-479D-AAE2-2C0B75873531} = {3CAD303C-4925-4F78-9D91-2D91101307DC}
		{E9DE8D08-E215-4CED-A225-42372404FB06} = {C40AC8F2-A735-4939-BC13-C2D510E38A09}
		{F8308031-0D63-415B-B3E0-15E041EA52E6} = {3CAD303C-4925-4F78-9D91-2D91101307DC}
		{F3BAFB8C-EB4D-4B27-BB33-8619902AED97} = {C40AC8F2-A735-4939-BC13-C2D510E38A09}
		{1E8CF754-5B2C-4EB1-8589-42570DC6B848} = {3CAD303C-4925-4F78-9D91-2D91101307DC}
		{A90FAE03-FFBE-4C67-A70F-2D3E22A43CB7} = {C40AC8F2-A735-4939-BC13-C2D510E38A09}
		{B04B9849-F15E-43D8-B876-7FBFCF957C1F} = {3CAD303C-4925-4F78-9D91-2D91101307DC}
		{43D0B8E4-B6C8-4DF0-B657-EBB4F35BA2CD} = {3CAD303C-4925-4F78-9D91-2D91101307DC}
		{DDA29E74-7D64-4391-BD2C-7F7DD98CB5AD} = {C40AC8F2-A735-4939-BC13-C2D510E38A09}
		{6B06B55C-F19E-46F8-94C9-605DED3F9712} = {3CAD303C-4925-4F78-9D91-2D91101307DC}
		{CEECA14A-4EAC-4587-BC60-43AEB9F72328} = {3CAD303C-4925-4F78-9D91-2D91101307DC}
		{D387D43A-5B7F-4C70-A2F5-D069361D1849} = {C40AC8F2-A735-4939-BC13-C2D510E38A09}
		{FFE0F1D1-06C4-490D-A2B4-2AA867E1F8D4} = {3CAD303C-4925-4F78-9D91-2D91101307DC}
		{D41A5903-1935-4209-A4F5-7175E3333266} = {C40AC8F2-A735-4939-BC13-C2D510E38A09}
		{CA8B495B-7E5B-43DA-900C-7D2D5C7658EB} = {3CAD303C-4925-4F78-9D91-2D91101307DC}
		{039E46BD-C942-49A9-999D-8615CFA590A8} = {C40AC8F2-A735-4939-BC13-C2D510E38A09}
		{957C3F9C-7484-4C5D-BBAC-F654CDC99425} = {3CAD303C-4925-4F78-9D91-2D91101307DC}
		{1D57FB70-6068-4820-9981-1A2872AC2662} = {C40AC8F2-A735-4939-BC13-C2D510E38A09}
		{25BFAF11-B427-4670-B079-BCA8D77A58BE} = {3CAD303C-4925-4F78-9D91-2D91101307DC}
		{96AA5911-0AAC-4C2A-ACFC-8C176EAEA8A2} = {C40AC8F2-A735-4939-BC13-C2D510E38A09}
		{5C303E66-0916-45A4-81FB-4A316035E05B} = {C40AC8F2-A735-4939-BC13-C2D510E38A09}
		{CDD129D6-C732-4368-93EF-B507E1631E51} = {3CAD303C-4925-4F78-9D91-2D91101307DC}
		{A51F8483-9C0C-4250-A461-85812D9BFEF8} = {C40AC8F2-A735-4939-BC13-C2D510E38A09}
		{7031B323-80D7-468E-B19F-6AA2610F8FF9} = {3CAD303C-4925-4F78-9D91-2D91101307DC}
		{88853E19-BA5F-4B93-8190-FF8AD81B546C} = {C40AC8F2-A735-4939-BC13-C2D510E38A09}
		{1E607CA8-C7A1-4FC8-B980-09FBACF29AEF} = {3CAD303C-4925-4F78-9D91-2D91101307DC}
		{91DDCB3F-E0CC-4893-8801-9717A76E5FEC} = {C40AC8F2-A735-4939-BC13-C2D510E38A09}
		{F98D4694-5479-4A21-AE3B-B5280F88155A} = {3CAD303C-4925-4F78-9D91-2D91101307DC}
		{D5F58AE1-FD7E-4F1D-8B3A-64EBB951410A} = {3CAD303C-4925-4F78-9D91-2D91101307DC}
		{A166FD28-2B15-4361-A067-35976C0D4CCE} = {C40AC8F2-A735-4939-BC13-C2D510E38A09}
		{A4D6BD1B-54F0-40B7-9F84-EFFECA7C9B62} = {C40AC8F2-A735-4939-BC13-C2D510E38A09}
	EndGlobalSection
EndGlobal
